
Microsoft Visual Studio Solution File, Format Version 12.00
# Visual Studio 15
VisualStudioVersion = 15.0.27130.2036
MinimumVisualStudioVersion = 10.0.40219.1
Project("{2150E333-8FDC-42A3-9474-1A3956D46DE8}") = "Solution Items", "Solution Items", "{E74CD4FE-CB4A-4968-B282-C0118BBF63DA}"
	ProjectSection(SolutionItems) = preProject
		KoenZomers.Ring.Api.snk = KoenZomers.Ring.Api.snk
	EndProjectSection
EndProject
Project("{2150E333-8FDC-42A3-9474-1A3956D46DE8}") = "Documentation", "Documentation", "{12C92BB7-7D1A-49F5-AD96-2101FEE61C8E}"
	ProjectSection(SolutionItems) = preProject
		README.md = README.md
	EndProjectSection
EndProject
Project("{2150E333-8FDC-42A3-9474-1A3956D46DE8}") = "Images", "Images", "{5D858129-BB53-446B-B8B8-C83D383F7F1C}"
EndProject
Project("{FAE04EC0-301F-11D3-BF4B-00C04F79EFBC}") = "Api", "Api\Api.csproj", "{C3A3A916-DA03-4872-9F48-FA5680B885E4}"
EndProject
Project("{FAE04EC0-301F-11D3-BF4B-00C04F79EFBC}") = "Api.UnitTests", "Api.UnitTests\Api.UnitTests.csproj", "{969D5F56-262E-499C-8B8A-66010C695805}"
EndProject
Project("{FAE04EC0-301F-11D3-BF4B-00C04F79EFBC}") = "Api.IntegrationTests", "Api.IntegrationTests\Api.IntegrationTests.csproj", "{3A8AC0C9-5F05-468B-BAB4-248912017CAA}"
EndProject
Global
	GlobalSection(SolutionConfigurationPlatforms) = preSolution
		Debug|Any CPU = Debug|Any CPU
		Debug|x86 = Debug|x86
		Release|Any CPU = Release|Any CPU
		Release|x86 = Release|x86
	EndGlobalSection
	GlobalSection(ProjectConfigurationPlatforms) = postSolution
		{C3A3A916-DA03-4872-9F48-FA5680B885E4}.Debug|Any CPU.ActiveCfg = Debug|Any CPU
		{C3A3A916-DA03-4872-9F48-FA5680B885E4}.Debug|Any CPU.Build.0 = Debug|Any CPU
		{C3A3A916-DA03-4872-9F48-FA5680B885E4}.Debug|x86.ActiveCfg = Debug|Any CPU
		{C3A3A916-DA03-4872-9F48-FA5680B885E4}.Debug|x86.Build.0 = Debug|Any CPU
		{C3A3A916-DA03-4872-9F48-FA5680B885E4}.Release|Any CPU.ActiveCfg = Release|Any CPU
		{C3A3A916-DA03-4872-9F48-FA5680B885E4}.Release|Any CPU.Build.0 = Release|Any CPU
		{C3A3A916-DA03-4872-9F48-FA5680B885E4}.Release|x86.ActiveCfg = Release|Any CPU
		{C3A3A916-DA03-4872-9F48-FA5680B885E4}.Release|x86.Build.0 = Release|Any CPU
		{969D5F56-262E-499C-8B8A-66010C695805}.Debug|Any CPU.ActiveCfg = Debug|Any CPU
		{969D5F56-262E-499C-8B8A-66010C695805}.Debug|Any CPU.Build.0 = Debug|Any CPU
		{969D5F56-262E-499C-8B8A-66010C695805}.Debug|x86.ActiveCfg = Debug|Any CPU
		{969D5F56-262E-499C-8B8A-66010C695805}.Debug|x86.Build.0 = Debug|Any CPU
		{969D5F56-262E-499C-8B8A-66010C695805}.Release|Any CPU.ActiveCfg = Release|Any CPU
		{969D5F56-262E-499C-8B8A-66010C695805}.Release|Any CPU.Build.0 = Release|Any CPU
		{969D5F56-262E-499C-8B8A-66010C695805}.Release|x86.ActiveCfg = Release|Any CPU
		{969D5F56-262E-499C-8B8A-66010C695805}.Release|x86.Build.0 = Release|Any CPU
		{3A8AC0C9-5F05-468B-BAB4-248912017CAA}.Debug|Any CPU.ActiveCfg = Debug|Any CPU
		{3A8AC0C9-5F05-468B-BAB4-248912017CAA}.Debug|Any CPU.Build.0 = Debug|Any CPU
		{3A8AC0C9-5F05-468B-BAB4-248912017CAA}.Debug|x86.ActiveCfg = Debug|Any CPU
		{3A8AC0C9-5F05-468B-BAB4-248912017CAA}.Debug|x86.Build.0 = Debug|Any CPU
		{3A8AC0C9-5F05-468B-BAB4-248912017CAA}.Release|Any CPU.ActiveCfg = Release|Any CPU
		{3A8AC0C9-5F05-468B-BAB4-248912017CAA}.Release|Any CPU.Build.0 = Release|Any CPU
		{3A8AC0C9-5F05-468B-BAB4-248912017CAA}.Release|x86.ActiveCfg = Release|Any CPU
		{3A8AC0C9-5F05-468B-BAB4-248912017CAA}.Release|x86.Build.0 = Release|Any CPU
	EndGlobalSection
	GlobalSection(SolutionProperties) = preSolution
		HideSolutionNode = FALSE
	EndGlobalSection
	GlobalSection(NestedProjects) = preSolution
		{5D858129-BB53-446B-B8B8-C83D383F7F1C} = {12C92BB7-7D1A-49F5-AD96-2101FEE61C8E}
	EndGlobalSection
	GlobalSection(ExtensibilityGlobals) = postSolution
		SolutionGuid = {A0260D22-B6DF-4BA9-AAD2-68DF3FA41611}
	EndGlobalSection
EndGlobal
